
Microsoft Visual Studio Solution File, Format Version 12.00
# Visual Studio 15
VisualStudioVersion = 15.0.27428.2015
MinimumVisualStudioVersion = 10.0.40219.1
Project("{FAE04EC0-301F-11D3-BF4B-00C04F79EFBC}") = "mppLab", "mppLab\mppLab.csproj", "{FD427AF6-C10C-470C-A260-6E0751D6485F}"
EndProject
Global
	GlobalSection(SolutionConfigurationPlatforms) = preSolution
		Debug|Any CPU = Debug|Any CPU
		Release|Any CPU = Release|Any CPU
	EndGlobalSection
	GlobalSection(ProjectConfigurationPlatforms) = postSolution
		{FD427AF6-C10C-470C-A260-6E0751D6485F}.Debug|Any CPU.ActiveCfg = Debug|Any CPU
		{FD427AF6-C10C-470C-A260-6E0751D6485F}.Debug|Any CPU.Build.0 = Debug|Any CPU
		{FD427AF6-C10C-470C-A260-6E0751D6485F}.Release|Any CPU.ActiveCfg = Release|Any CPU
		{FD427AF6-C10C-470C-A260-6E0751D6485F}.Release|Any CPU.Build.0 = Release|Any CPU
	EndGlobalSection
	GlobalSection(SolutionProperties) = preSolution
		HideSolutionNode = FALSE
	EndGlobalSection
	GlobalSection(ExtensibilityGlobals) = postSolution
		SolutionGuid = {C992F58B-C7E6-4495-A053-A9D1F270D378}
	EndGlobalSection
EndGlobal
